
Microsoft Visual Studio Solution File, Format Version 12.00
# Visual Studio Version 17
VisualStudioVersion = 17.14.36429.23
MinimumVisualStudioVersion = 10.0.40219.1
Project("{2150E333-8FDC-42A3-9474-1A3956D46DE8}") = "Task0", "Task0", "{02EA681E-C7D8-13C7-8484-4AC65E1B71E8}"
EndProject
Project("{FAE04EC0-301F-11D3-BF4B-00C04F79EFBC}") = "Tyuiu.BarminaSK.Sprint1.Task0.V4", "Tyuiu.BarminaSK.Sprint1.Task0.V4\Tyuiu.BarminaSK.Sprint1.Task0.V4.csproj", "{F7610CD6-F72D-48E5-AB23-F2E4622F4F1B}"
EndProject
Project("{FAE04EC0-301F-11D3-BF4B-00C04F79EFBC}") = "Tyuiu.BarminaSK.Sprint1.Task0.V4.Lib", "Tyuiu.BarminaSK.Sprint1.Task0.V4.Lib\Tyuiu.BarminaSK.Sprint1.Task0.V4.Lib.csproj", "{58D59591-75BF-4911-9E0E-B50E7503018F}"
EndProject
Project("{FAE04EC0-301F-11D3-BF4B-00C04F79EFBC}") = "Tyuiu.BarminaSK.Sprint1.Task0.V4.Test", "Tyuiu.BarminaSK.Sprint1.Task0.V4.Test\Tyuiu.BarminaSK.Sprint1.Task0.V4.Test.csproj", "{0382BFF7-9E95-4DF1-93B0-DC988AA79694}"
EndProject
Project("{2150E333-8FDC-42A3-9474-1A3956D46DE8}") = "Task1", "Task1", "{A6B71EEB-C741-4D93-85DB-AFDA101E4381}"
EndProject
Project("{FAE04EC0-301F-11D3-BF4B-00C04F79EFBC}") = "Tyuiu.BarminaSK.Sprint1.Task1.V4", "Tyuiu.BarminaSK.Sprint1.Task1.V4\Tyuiu.BarminaSK.Sprint1.Task1.V4.csproj", "{121AE6D5-07CC-4155-8A53-15D7FECE49D5}"
EndProject
Project("{FAE04EC0-301F-11D3-BF4B-00C04F79EFBC}") = "Tyuiu.BarminaSK.Sprint1.Task1.V4.Lib", "Tyuiu.BarminaSK.Sprint1.Task1.V4.Lib\Tyuiu.BarminaSK.Sprint1.Task1.V4.Lib.csproj", "{CDA1A1CF-F68F-461A-969B-7F326B603536}"
EndProject
Project("{FAE04EC0-301F-11D3-BF4B-00C04F79EFBC}") = "Tyuiu.BarminaSK.Sprint1.Task1.V4.Test", "Tyuiu.BarminaSK.Sprint1.Task1.V4.Test\Tyuiu.BarminaSK.Sprint1.Task1.V4.Test.csproj", "{16F1C807-B460-4B57-92F6-91D6B9390FC0}"
EndProject
Project("{2150E333-8FDC-42A3-9474-1A3956D46DE8}") = "Task2", "Task2", "{1162388E-89D3-45B1-BCB1-A1350BBEE153}"
EndProject
Project("{FAE04EC0-301F-11D3-BF4B-00C04F79EFBC}") = "Tyuiu.BarminaSK.Sprint1.Task2.V2", "Tyuiu.BarminaSK.Sprint1.Task2.V2\Tyuiu.BarminaSK.Sprint1.Task2.V2.csproj", "{FE556DB1-C2EB-4A1A-8719-CABA10DE19A9}"
EndProject
Project("{FAE04EC0-301F-11D3-BF4B-00C04F79EFBC}") = "Tyuiu.BarminaSK.Sprint1.Task2.V2.Lib", "Tyuiu.BarminaSK.Sprint1.Task2.V2.Lib\Tyuiu.BarminaSK.Sprint1.Task2.V2.Lib.csproj", "{3BD6DEF6-BBE1-40CF-86E1-BD7F7F79FBE4}"
EndProject
Project("{FAE04EC0-301F-11D3-BF4B-00C04F79EFBC}") = "Tyuiu.BarminaSK.Sprint1.Task2.V2.Test", "Tyuiu.BarminaSK.Sprint1.Task2.V2.Test\Tyuiu.BarminaSK.Sprint1.Task2.V2.Test.csproj", "{8A3BC98C-B0B0-4063-B4B7-8FBF27ED7C73}"
EndProject
Project("{2150E333-8FDC-42A3-9474-1A3956D46DE8}") = "Task3", "Task3", "{FA2E9482-D57D-4AAE-8D19-B80384BCA172}"
EndProject
Project("{FAE04EC0-301F-11D3-BF4B-00C04F79EFBC}") = "Tyuiu.BarminaSK.Sprint1.Task3.V8", "Tyuiu.BarminaSK.Sprint1.Task3.V8\Tyuiu.BarminaSK.Sprint1.Task3.V8.csproj", "{477B3514-AFEE-475A-9A94-79742FC74DB2}"
EndProject
Project("{FAE04EC0-301F-11D3-BF4B-00C04F79EFBC}") = "Tyuiu.BarminaSK.Sprint1.Task3.V8.Lib", "Tyuiu.BarminaSK.Sprint1.Task3.V8.Lib\Tyuiu.BarminaSK.Sprint1.Task3.V8.Lib.csproj", "{A5B6B715-EA7D-4449-B57D-6303A66D2BB1}"
EndProject
Project("{FAE04EC0-301F-11D3-BF4B-00C04F79EFBC}") = "Tyuiu.BarminaSK.Sprint1.Task3.V8.Test", "Tyuiu.BarminaSK.Sprint1.Task3.V8.Test\Tyuiu.BarminaSK.Sprint1.Task3.V8.Test.csproj", "{21519C5F-28E2-459A-B9CB-CBB851CD1555}"
EndProject
Project("{2150E333-8FDC-42A3-9474-1A3956D46DE8}") = "Task4", "Task4", "{CE08079F-B53B-4D0D-8182-E23A4045ED4B}"
EndProject
Project("{FAE04EC0-301F-11D3-BF4B-00C04F79EFBC}") = "Tyuiu.BarminaSK.Sprint1.Task4.V21", "Tyuiu.BarminaSK.Sprint1.Task4.V21\Tyuiu.BarminaSK.Sprint1.Task4.V21.csproj", "{E2D7DE56-3781-419B-8356-F7C3FD8759C7}"
EndProject
Project("{FAE04EC0-301F-11D3-BF4B-00C04F79EFBC}") = "Tyuiu.BarminaSK.Sprint1.Task4.V21.Lib", "Tyuiu.BarminaSK.Sprint1.Task4.V21.Lib\Tyuiu.BarminaSK.Sprint1.Task4.V21.Lib.csproj", "{CDD166F9-4BFA-42A9-8DD7-BD636C7BB41D}"
EndProject
Project("{FAE04EC0-301F-11D3-BF4B-00C04F79EFBC}") = "Tyuiu.BarminaSK.Sprint1.Task4.V21.Test", "Tyuiu.BarminaSK.Sprint1.Task4.V21.Test\Tyuiu.BarminaSK.Sprint1.Task4.V21.Test.csproj", "{84299191-5E5A-4261-ABE4-088DCE780FF0}"
EndProject
Project("{2150E333-8FDC-42A3-9474-1A3956D46DE8}") = "Task5", "Task5", "{3251C23A-45D0-480B-A36D-1B4E69E88F42}"
EndProject
Project("{FAE04EC0-301F-11D3-BF4B-00C04F79EFBC}") = "Tyuiu.BarminaSK.Sprint1.Task5.V4", "Tyuiu.BarminaSK.Sprint1.Task5.V4\Tyuiu.BarminaSK.Sprint1.Task5.V4.csproj", "{F7BA5131-841B-479B-973E-B2D0F16418EC}"
EndProject
Project("{FAE04EC0-301F-11D3-BF4B-00C04F79EFBC}") = "Tyuiu.BarminaSK.Sprint1.Task5.V4.Lib", "Tyuiu.BarminaSK.Sprint1.Task5.V4.Lib\Tyuiu.BarminaSK.Sprint1.Task5.V4.Lib.csproj", "{C4A48A02-41E1-4B6E-A52B-A01F84AE0026}"
EndProject
Project("{FAE04EC0-301F-11D3-BF4B-00C04F79EFBC}") = "Tyuiu.BarminaSK.Sprint1.Task5.V4.Test", "Tyuiu.BarminaSK.Sprint1.Task5.V4.Test\Tyuiu.BarminaSK.Sprint1.Task5.V4.Test.csproj", "{5FAF6374-AEF8-48E5-AA69-6F47847CEC0A}"
EndProject
Global
	GlobalSection(SolutionConfigurationPlatforms) = preSolution
		Debug|Any CPU = Debug|Any CPU
		Release|Any CPU = Release|Any CPU
	EndGlobalSection
	GlobalSection(ProjectConfigurationPlatforms) = postSolution
		{F7610CD6-F72D-48E5-AB23-F2E4622F4F1B}.Debug|Any CPU.ActiveCfg = Debug|Any CPU
		{F7610CD6-F72D-48E5-AB23-F2E4622F4F1B}.Debug|Any CPU.Build.0 = Debug|Any CPU
		{F7610CD6-F72D-48E5-AB23-F2E4622F4F1B}.Release|Any CPU.ActiveCfg = Release|Any CPU
		{F7610CD6-F72D-48E5-AB23-F2E4622F4F1B}.Release|Any CPU.Build.0 = Release|Any CPU
		{58D59591-75BF-4911-9E0E-B50E7503018F}.Debug|Any CPU.ActiveCfg = Debug|Any CPU
		{58D59591-75BF-4911-9E0E-B50E7503018F}.Debug|Any CPU.Build.0 = Debug|Any CPU
		{58D59591-75BF-4911-9E0E-B50E7503018F}.Release|Any CPU.ActiveCfg = Release|Any CPU
		{58D59591-75BF-4911-9E0E-B50E7503018F}.Release|Any CPU.Build.0 = Release|Any CPU
		{0382BFF7-9E95-4DF1-93B0-DC988AA79694}.Debug|Any CPU.ActiveCfg = Debug|Any CPU
		{0382BFF7-9E95-4DF1-93B0-DC988AA79694}.Debug|Any CPU.Build.0 = Debug|Any CPU
		{0382BFF7-9E95-4DF1-93B0-DC988AA79694}.Release|Any CPU.ActiveCfg = Release|Any CPU
		{0382BFF7-9E95-4DF1-93B0-DC988AA79694}.Release|Any CPU.Build.0 = Release|Any CPU
		{121AE6D5-07CC-4155-8A53-15D7FECE49D5}.Debug|Any CPU.ActiveCfg = Debug|Any CPU
		{121AE6D5-07CC-4155-8A53-15D7FECE49D5}.Debug|Any CPU.Build.0 = Debug|Any CPU
		{121AE6D5-07CC-4155-8A53-15D7FECE49D5}.Release|Any CPU.ActiveCfg = Release|Any CPU
		{121AE6D5-07CC-4155-8A53-15D7FECE49D5}.Release|Any CPU.Build.0 = Release|Any CPU
		{CDA1A1CF-F68F-461A-969B-7F326B603536}.Debug|Any CPU.ActiveCfg = Debug|Any CPU
		{CDA1A1CF-F68F-461A-969B-7F326B603536}.Debug|Any CPU.Build.0 = Debug|Any CPU
		{CDA1A1CF-F68F-461A-969B-7F326B603536}.Release|Any CPU.ActiveCfg = Release|Any CPU
		{CDA1A1CF-F68F-461A-969B-7F326B603536}.Release|Any CPU.Build.0 = Release|Any CPU
		{16F1C807-B460-4B57-92F6-91D6B9390FC0}.Debug|Any CPU.ActiveCfg = Debug|Any CPU
		{16F1C807-B460-4B57-92F6-91D6B9390FC0}.Debug|Any CPU.Build.0 = Debug|Any CPU
		{16F1C807-B460-4B57-92F6-91D6B9390FC0}.Release|Any CPU.ActiveCfg = Release|Any CPU
		{16F1C807-B460-4B57-92F6-91D6B9390FC0}.Release|Any CPU.Build.0 = Release|Any CPU
		{FE556DB1-C2EB-4A1A-8719-CABA10DE19A9}.Debug|Any CPU.ActiveCfg = Debug|Any CPU
		{FE556DB1-C2EB-4A1A-8719-CABA10DE19A9}.Debug|Any CPU.Build.0 = Debug|Any CPU
		{FE556DB1-C2EB-4A1A-8719-CABA10DE19A9}.Release|Any CPU.ActiveCfg = Release|Any CPU
		{FE556DB1-C2EB-4A1A-8719-CABA10DE19A9}.Release|Any CPU.Build.0 = Release|Any CPU
		{3BD6DEF6-BBE1-40CF-86E1-BD7F7F79FBE4}.Debug|Any CPU.ActiveCfg = Debug|Any CPU
		{3BD6DEF6-BBE1-40CF-86E1-BD7F7F79FBE4}.Debug|Any CPU.Build.0 = Debug|Any CPU
		{3BD6DEF6-BBE1-40CF-86E1-BD7F7F79FBE4}.Release|Any CPU.ActiveCfg = Release|Any CPU
		{3BD6DEF6-BBE1-40CF-86E1-BD7F7F79FBE4}.Release|Any CPU.Build.0 = Release|Any CPU
		{8A3BC98C-B0B0-4063-B4B7-8FBF27ED7C73}.Debug|Any CPU.ActiveCfg = Debug|Any CPU
		{8A3BC98C-B0B0-4063-B4B7-8FBF27ED7C73}.Debug|Any CPU.Build.0 = Debug|Any CPU
		{8A3BC98C-B0B0-4063-B4B7-8FBF27ED7C73}.Release|Any CPU.ActiveCfg = Release|Any CPU
		{8A3BC98C-B0B0-4063-B4B7-8FBF27ED7C73}.Release|Any CPU.Build.0 = Release|Any CPU
		{477B3514-AFEE-475A-9A94-79742FC74DB2}.Debug|Any CPU.ActiveCfg = Debug|Any CPU
		{477B3514-AFEE-475A-9A94-79742FC74DB2}.Debug|Any CPU.Build.0 = Debug|Any CPU
		{477B3514-AFEE-475A-9A94-79742FC74DB2}.Release|Any CPU.ActiveCfg = Release|Any CPU
		{477B3514-AFEE-475A-9A94-79742FC74DB2}.Release|Any CPU.Build.0 = Release|Any CPU
		{A5B6B715-EA7D-4449-B57D-6303A66D2BB1}.Debug|Any CPU.ActiveCfg = Debug|Any CPU
		{A5B6B715-EA7D-4449-B57D-6303A66D2BB1}.Debug|Any CPU.Build.0 = Debug|Any CPU
		{A5B6B715-EA7D-4449-B57D-6303A66D2BB1}.Release|Any CPU.ActiveCfg = Release|Any CPU
		{A5B6B715-EA7D-4449-B57D-6303A66D2BB1}.Release|Any CPU.Build.0 = Release|Any CPU
		{21519C5F-28E2-459A-B9CB-CBB851CD1555}.Debug|Any CPU.ActiveCfg = Debug|Any CPU
		{21519C5F-28E2-459A-B9CB-CBB851CD1555}.Debug|Any CPU.Build.0 = Debug|Any CPU
		{21519C5F-28E2-459A-B9CB-CBB851CD1555}.Release|Any CPU.ActiveCfg = Release|Any CPU
		{21519C5F-28E2-459A-B9CB-CBB851CD1555}.Release|Any CPU.Build.0 = Release|Any CPU
		{E2D7DE56-3781-419B-8356-F7C3FD8759C7}.Debug|Any CPU.ActiveCfg = Debug|Any CPU
		{E2D7DE56-3781-419B-8356-F7C3FD8759C7}.Debug|Any CPU.Build.0 = Debug|Any CPU
		{E2D7DE56-3781-419B-8356-F7C3FD8759C7}.Release|Any CPU.ActiveCfg = Release|Any CPU
		{E2D7DE56-3781-419B-8356-F7C3FD8759C7}.Release|Any CPU.Build.0 = Release|Any CPU
		{CDD166F9-4BFA-42A9-8DD7-BD636C7BB41D}.Debug|Any CPU.ActiveCfg = Debug|Any CPU
		{CDD166F9-4BFA-42A9-8DD7-BD636C7BB41D}.Debug|Any CPU.Build.0 = Debug|Any CPU
		{CDD166F9-4BFA-42A9-8DD7-BD636C7BB41D}.Release|Any CPU.ActiveCfg = Release|Any CPU
		{CDD166F9-4BFA-42A9-8DD7-BD636C7BB41D}.Release|Any CPU.Build.0 = Release|Any CPU
		{84299191-5E5A-4261-ABE4-088DCE780FF0}.Debug|Any CPU.ActiveCfg = Debug|Any CPU
		{84299191-5E5A-4261-ABE4-088DCE780FF0}.Debug|Any CPU.Build.0 = Debug|Any CPU
		{84299191-5E5A-4261-ABE4-088DCE780FF0}.Release|Any CPU.ActiveCfg = Release|Any CPU
		{84299191-5E5A-4261-ABE4-088DCE780FF0}.Release|Any CPU.Build.0 = Release|Any CPU
		{F7BA5131-841B-479B-973E-B2D0F16418EC}.Debug|Any CPU.ActiveCfg = Debug|Any CPU
		{F7BA5131-841B-479B-973E-B2D0F16418EC}.Debug|Any CPU.Build.0 = Debug|Any CPU
		{F7BA5131-841B-479B-973E-B2D0F16418EC}.Release|Any CPU.ActiveCfg = Release|Any CPU
		{F7BA5131-841B-479B-973E-B2D0F16418EC}.Release|Any CPU.Build.0 = Release|Any CPU
		{C4A48A02-41E1-4B6E-A52B-A01F84AE0026}.Debug|Any CPU.ActiveCfg = Debug|Any CPU
		{C4A48A02-41E1-4B6E-A52B-A01F84AE0026}.Debug|Any CPU.Build.0 = Debug|Any CPU
		{C4A48A02-41E1-4B6E-A52B-A01F84AE0026}.Release|Any CPU.ActiveCfg = Release|Any CPU
		{C4A48A02-41E1-4B6E-A52B-A01F84AE0026}.Release|Any CPU.Build.0 = Release|Any CPU
		{5FAF6374-AEF8-48E5-AA69-6F47847CEC0A}.Debug|Any CPU.ActiveCfg = Debug|Any CPU
		{5FAF6374-AEF8-48E5-AA69-6F47847CEC0A}.Debug|Any CPU.Build.0 = Debug|Any CPU
		{5FAF6374-AEF8-48E5-AA69-6F47847CEC0A}.Release|Any CPU.ActiveCfg = Release|Any CPU
		{5FAF6374-AEF8-48E5-AA69-6F47847CEC0A}.Release|Any CPU.Build.0 = Release|Any CPU
	EndGlobalSection
	GlobalSection(SolutionProperties) = preSolution
		HideSolutionNode = FALSE
	EndGlobalSection
	GlobalSection(NestedProjects) = preSolution
		{F7610CD6-F72D-48E5-AB23-F2E4622F4F1B} = {02EA681E-C7D8-13C7-8484-4AC65E1B71E8}
		{58D59591-75BF-4911-9E0E-B50E7503018F} = {02EA681E-C7D8-13C7-8484-4AC65E1B71E8}
		{0382BFF7-9E95-4DF1-93B0-DC988AA79694} = {02EA681E-C7D8-13C7-8484-4AC65E1B71E8}
		{121AE6D5-07CC-4155-8A53-15D7FECE49D5} = {A6B71EEB-C741-4D93-85DB-AFDA101E4381}
		{CDA1A1CF-F68F-461A-969B-7F326B603536} = {A6B71EEB-C741-4D93-85DB-AFDA101E4381}
		{16F1C807-B460-4B57-92F6-91D6B9390FC0} = {A6B71EEB-C741-4D93-85DB-AFDA101E4381}
		{FE556DB1-C2EB-4A1A-8719-CABA10DE19A9} = {1162388E-89D3-45B1-BCB1-A1350BBEE153}
		{3BD6DEF6-BBE1-40CF-86E1-BD7F7F79FBE4} = {1162388E-89D3-45B1-BCB1-A1350BBEE153}
		{8A3BC98C-B0B0-4063-B4B7-8FBF27ED7C73} = {1162388E-89D3-45B1-BCB1-A1350BBEE153}
		{477B3514-AFEE-475A-9A94-79742FC74DB2} = {FA2E9482-D57D-4AAE-8D19-B80384BCA172}
		{A5B6B715-EA7D-4449-B57D-6303A66D2BB1} = {FA2E9482-D57D-4AAE-8D19-B80384BCA172}
		{21519C5F-28E2-459A-B9CB-CBB851CD1555} = {FA2E9482-D57D-4AAE-8D19-B80384BCA172}
		{E2D7DE56-3781-419B-8356-F7C3FD8759C7} = {CE08079F-B53B-4D0D-8182-E23A4045ED4B}
		{CDD166F9-4BFA-42A9-8DD7-BD636C7BB41D} = {CE08079F-B53B-4D0D-8182-E23A4045ED4B}
		{84299191-5E5A-4261-ABE4-088DCE780FF0} = {CE08079F-B53B-4D0D-8182-E23A4045ED4B}
		{F7BA5131-841B-479B-973E-B2D0F16418EC} = {3251C23A-45D0-480B-A36D-1B4E69E88F42}
		{C4A48A02-41E1-4B6E-A52B-A01F84AE0026} = {3251C23A-45D0-480B-A36D-1B4E69E88F42}
		{5FAF6374-AEF8-48E5-AA69-6F47847CEC0A} = {3251C23A-45D0-480B-A36D-1B4E69E88F42}
	EndGlobalSection
	GlobalSection(ExtensibilityGlobals) = postSolution
		SolutionGuid = {C4C9A9FE-081C-4459-9448-06629C5D82BB}
	EndGlobalSection
EndGlobal
